
Microsoft Visual Studio Solution File, Format Version 12.00
# Visual Studio Version 17
VisualStudioVersion = 17.2.32630.192
MinimumVisualStudioVersion = 10.0.40219.1
Project("{FAE04EC0-301F-11D3-BF4B-00C04F79EFBC}") = "Api", "Api\Api.csproj", "{02B46D9F-F8D2-42F2-B7C6-D1F33AA5B5AD}"
EndProject
Project("{FAE04EC0-301F-11D3-BF4B-00C04F79EFBC}") = "Api.Core", "Api.Core\Api.Core.csproj", "{010704D7-6536-4074-91A3-F6935C39AE34}"
EndProject
Project("{FAE04EC0-301F-11D3-BF4B-00C04F79EFBC}") = "Api.Infrastructure", "Api.Infrastructure\Api.Infrastructure.csproj", "{BCE5FE26-3E2B-4E3E-A6A0-B1117A7243C7}"
EndProject
Global
	GlobalSection(SolutionConfigurationPlatforms) = preSolution
		Debug|Any CPU = Debug|Any CPU
		Release|Any CPU = Release|Any CPU
	EndGlobalSection
	GlobalSection(ProjectConfigurationPlatforms) = postSolution
		{02B46D9F-F8D2-42F2-B7C6-D1F33AA5B5AD}.Debug|Any CPU.ActiveCfg = Debug|Any CPU
		{02B46D9F-F8D2-42F2-B7C6-D1F33AA5B5AD}.Debug|Any CPU.Build.0 = Debug|Any CPU
		{02B46D9F-F8D2-42F2-B7C6-D1F33AA5B5AD}.Release|Any CPU.ActiveCfg = Release|Any CPU
		{02B46D9F-F8D2-42F2-B7C6-D1F33AA5B5AD}.Release|Any CPU.Build.0 = Release|Any CPU
		{010704D7-6536-4074-91A3-F6935C39AE34}.Debug|Any CPU.ActiveCfg = Debug|Any CPU
		{010704D7-6536-4074-91A3-F6935C39AE34}.Debug|Any CPU.Build.0 = Debug|Any CPU
		{010704D7-6536-4074-91A3-F6935C39AE34}.Release|Any CPU.ActiveCfg = Release|Any CPU
		{010704D7-6536-4074-91A3-F6935C39AE34}.Release|Any CPU.Build.0 = Release|Any CPU
		{BCE5FE26-3E2B-4E3E-A6A0-B1117A7243C7}.Debug|Any CPU.ActiveCfg = Debug|Any CPU
		{BCE5FE26-3E2B-4E3E-A6A0-B1117A7243C7}.Debug|Any CPU.Build.0 = Debug|Any CPU
		{BCE5FE26-3E2B-4E3E-A6A0-B1117A7243C7}.Release|Any CPU.ActiveCfg = Release|Any CPU
		{BCE5FE26-3E2B-4E3E-A6A0-B1117A7243C7}.Release|Any CPU.Build.0 = Release|Any CPU
	EndGlobalSection
	GlobalSection(SolutionProperties) = preSolution
		HideSolutionNode = FALSE
	EndGlobalSection
	GlobalSection(ExtensibilityGlobals) = postSolution
		SolutionGuid = {CC78EEA3-4DC4-4DFA-A48C-540128A8A15C}
	EndGlobalSection
EndGlobal
